
Microsoft Visual Studio Solution File, Format Version 12.00
# Visual Studio Version 16
VisualStudioVersion = 16.0.30907.101
MinimumVisualStudioVersion = 10.0.40219.1
Project("{FAE04EC0-301F-11D3-BF4B-00C04F79EFBC}") = "Stringek", "Stringek\Stringek.csproj", "{BBE21349-E264-4AA5-B0B1-E5367325BEA8}"
EndProject
Global
	GlobalSection(SolutionConfigurationPlatforms) = preSolution
		Debug|Any CPU = Debug|Any CPU
		Release|Any CPU = Release|Any CPU
	EndGlobalSection
	GlobalSection(ProjectConfigurationPlatforms) = postSolution
		{BBE21349-E264-4AA5-B0B1-E5367325BEA8}.Debug|Any CPU.ActiveCfg = Debug|Any CPU
		{BBE21349-E264-4AA5-B0B1-E5367325BEA8}.Debug|Any CPU.Build.0 = Debug|Any CPU
		{BBE21349-E264-4AA5-B0B1-E5367325BEA8}.Release|Any CPU.ActiveCfg = Release|Any CPU
		{BBE21349-E264-4AA5-B0B1-E5367325BEA8}.Release|Any CPU.Build.0 = Release|Any CPU
	EndGlobalSection
	GlobalSection(SolutionProperties) = preSolution
		HideSolutionNode = FALSE
	EndGlobalSection
	GlobalSection(ExtensibilityGlobals) = postSolution
		SolutionGuid = {2D0C5DCC-4A74-4788-8D46-9EEEEE39354D}
	EndGlobalSection
EndGlobal
