
Microsoft Visual Studio Solution File, Format Version 12.00
# Visual Studio Version 16
VisualStudioVersion = 16.0.31205.134
MinimumVisualStudioVersion = 10.0.40219.1
Project("{FAE04EC0-301F-11D3-BF4B-00C04F79EFBC}") = "Fajlbeolvasas", "Fajlbeolvasas\Fajlbeolvasas.csproj", "{2CE6D510-49DC-478B-B816-C619144B8F6B}"
EndProject
Project("{FAE04EC0-301F-11D3-BF4B-00C04F79EFBC}") = "TombbeOlvasas", "TombbeOlvasas\TombbeOlvasas.csproj", "{EA275209-58D0-4793-B732-6BB0899FC1CF}"
EndProject
Project("{FAE04EC0-301F-11D3-BF4B-00C04F79EFBC}") = "WriteAll", "WriteAll\WriteAll.csproj", "{E90324E6-AC92-4BB2-BEBA-98B508A55FD6}"
EndProject
Project("{FAE04EC0-301F-11D3-BF4B-00C04F79EFBC}") = "Pilotak", "Pilotak\Pilotak.csproj", "{1EAD38C5-0B16-4DD6-95EF-5008A612BB48}"
EndProject
Global
	GlobalSection(SolutionConfigurationPlatforms) = preSolution
		Debug|Any CPU = Debug|Any CPU
		Release|Any CPU = Release|Any CPU
	EndGlobalSection
	GlobalSection(ProjectConfigurationPlatforms) = postSolution
		{2CE6D510-49DC-478B-B816-C619144B8F6B}.Debug|Any CPU.ActiveCfg = Debug|Any CPU
		{2CE6D510-49DC-478B-B816-C619144B8F6B}.Debug|Any CPU.Build.0 = Debug|Any CPU
		{2CE6D510-49DC-478B-B816-C619144B8F6B}.Release|Any CPU.ActiveCfg = Release|Any CPU
		{2CE6D510-49DC-478B-B816-C619144B8F6B}.Release|Any CPU.Build.0 = Release|Any CPU
		{EA275209-58D0-4793-B732-6BB0899FC1CF}.Debug|Any CPU.ActiveCfg = Debug|Any CPU
		{EA275209-58D0-4793-B732-6BB0899FC1CF}.Debug|Any CPU.Build.0 = Debug|Any CPU
		{EA275209-58D0-4793-B732-6BB0899FC1CF}.Release|Any CPU.ActiveCfg = Release|Any CPU
		{EA275209-58D0-4793-B732-6BB0899FC1CF}.Release|Any CPU.Build.0 = Release|Any CPU
		{E90324E6-AC92-4BB2-BEBA-98B508A55FD6}.Debug|Any CPU.ActiveCfg = Debug|Any CPU
		{E90324E6-AC92-4BB2-BEBA-98B508A55FD6}.Debug|Any CPU.Build.0 = Debug|Any CPU
		{E90324E6-AC92-4BB2-BEBA-98B508A55FD6}.Release|Any CPU.ActiveCfg = Release|Any CPU
		{E90324E6-AC92-4BB2-BEBA-98B508A55FD6}.Release|Any CPU.Build.0 = Release|Any CPU
		{1EAD38C5-0B16-4DD6-95EF-5008A612BB48}.Debug|Any CPU.ActiveCfg = Debug|Any CPU
		{1EAD38C5-0B16-4DD6-95EF-5008A612BB48}.Debug|Any CPU.Build.0 = Debug|Any CPU
		{1EAD38C5-0B16-4DD6-95EF-5008A612BB48}.Release|Any CPU.ActiveCfg = Release|Any CPU
		{1EAD38C5-0B16-4DD6-95EF-5008A612BB48}.Release|Any CPU.Build.0 = Release|Any CPU
	EndGlobalSection
	GlobalSection(SolutionProperties) = preSolution
		HideSolutionNode = FALSE
	EndGlobalSection
	GlobalSection(ExtensibilityGlobals) = postSolution
		SolutionGuid = {550A51B3-8758-4414-9312-C929D944E57F}
	EndGlobalSection
EndGlobal
