
Microsoft Visual Studio Solution File, Format Version 12.00
# Visual Studio Version 16
VisualStudioVersion = 16.0.31205.134
MinimumVisualStudioVersion = 10.0.40219.1
Project("{FAE04EC0-301F-11D3-BF4B-00C04F79EFBC}") = "WpfEladasok", "WpfEladasok\WpfEladasok.csproj", "{348B5C8F-529C-44DE-86DE-C03B622F9658}"
EndProject
Global
	GlobalSection(SolutionConfigurationPlatforms) = preSolution
		Debug|Any CPU = Debug|Any CPU
		Release|Any CPU = Release|Any CPU
	EndGlobalSection
	GlobalSection(ProjectConfigurationPlatforms) = postSolution
		{348B5C8F-529C-44DE-86DE-C03B622F9658}.Debug|Any CPU.ActiveCfg = Debug|Any CPU
		{348B5C8F-529C-44DE-86DE-C03B622F9658}.Debug|Any CPU.Build.0 = Debug|Any CPU
		{348B5C8F-529C-44DE-86DE-C03B622F9658}.Release|Any CPU.ActiveCfg = Release|Any CPU
		{348B5C8F-529C-44DE-86DE-C03B622F9658}.Release|Any CPU.Build.0 = Release|Any CPU
	EndGlobalSection
	GlobalSection(SolutionProperties) = preSolution
		HideSolutionNode = FALSE
	EndGlobalSection
	GlobalSection(ExtensibilityGlobals) = postSolution
		SolutionGuid = {41477897-50A9-4E8E-868B-C2378C1A29FC}
	EndGlobalSection
EndGlobal
