
Microsoft Visual Studio Solution File, Format Version 12.00
# Visual Studio Version 16
VisualStudioVersion = 16.0.31105.61
MinimumVisualStudioVersion = 10.0.40219.1
Project("{FAE04EC0-301F-11D3-BF4B-00C04F79EFBC}") = "ErtekEsRef", "ErtekEsRef\ErtekEsRef.csproj", "{1128EEFD-706A-4BCA-95E9-32030FBDA6D5}"
EndProject
Global
	GlobalSection(SolutionConfigurationPlatforms) = preSolution
		Debug|Any CPU = Debug|Any CPU
		Release|Any CPU = Release|Any CPU
	EndGlobalSection
	GlobalSection(ProjectConfigurationPlatforms) = postSolution
		{1128EEFD-706A-4BCA-95E9-32030FBDA6D5}.Debug|Any CPU.ActiveCfg = Debug|Any CPU
		{1128EEFD-706A-4BCA-95E9-32030FBDA6D5}.Debug|Any CPU.Build.0 = Debug|Any CPU
		{1128EEFD-706A-4BCA-95E9-32030FBDA6D5}.Release|Any CPU.ActiveCfg = Release|Any CPU
		{1128EEFD-706A-4BCA-95E9-32030FBDA6D5}.Release|Any CPU.Build.0 = Release|Any CPU
	EndGlobalSection
	GlobalSection(SolutionProperties) = preSolution
		HideSolutionNode = FALSE
	EndGlobalSection
	GlobalSection(ExtensibilityGlobals) = postSolution
		SolutionGuid = {8DBE2B98-ECCF-401B-8730-C388BEA04267}
	EndGlobalSection
EndGlobal
