
Microsoft Visual Studio Solution File, Format Version 12.00
# Visual Studio Version 16
VisualStudioVersion = 16.0.31129.286
MinimumVisualStudioVersion = 10.0.40219.1
Project("{FAE04EC0-301F-11D3-BF4B-00C04F79EFBC}") = "OOPAlapok", "OOPAlapok\OOPAlapok.csproj", "{4C793B0D-C506-4EE4-AC57-6751DDEB9B3E}"
EndProject
Project("{FAE04EC0-301F-11D3-BF4B-00C04F79EFBC}") = "OOPOroklodes", "OOPOroklodes\OOPOroklodes.csproj", "{05A39521-868E-447A-B18C-9AEFB1ACC8CF}"
EndProject
Global
	GlobalSection(SolutionConfigurationPlatforms) = preSolution
		Debug|Any CPU = Debug|Any CPU
		Release|Any CPU = Release|Any CPU
	EndGlobalSection
	GlobalSection(ProjectConfigurationPlatforms) = postSolution
		{4C793B0D-C506-4EE4-AC57-6751DDEB9B3E}.Debug|Any CPU.ActiveCfg = Debug|Any CPU
		{4C793B0D-C506-4EE4-AC57-6751DDEB9B3E}.Debug|Any CPU.Build.0 = Debug|Any CPU
		{4C793B0D-C506-4EE4-AC57-6751DDEB9B3E}.Release|Any CPU.ActiveCfg = Release|Any CPU
		{4C793B0D-C506-4EE4-AC57-6751DDEB9B3E}.Release|Any CPU.Build.0 = Release|Any CPU
		{05A39521-868E-447A-B18C-9AEFB1ACC8CF}.Debug|Any CPU.ActiveCfg = Debug|Any CPU
		{05A39521-868E-447A-B18C-9AEFB1ACC8CF}.Debug|Any CPU.Build.0 = Debug|Any CPU
		{05A39521-868E-447A-B18C-9AEFB1ACC8CF}.Release|Any CPU.ActiveCfg = Release|Any CPU
		{05A39521-868E-447A-B18C-9AEFB1ACC8CF}.Release|Any CPU.Build.0 = Release|Any CPU
	EndGlobalSection
	GlobalSection(SolutionProperties) = preSolution
		HideSolutionNode = FALSE
	EndGlobalSection
	GlobalSection(ExtensibilityGlobals) = postSolution
		SolutionGuid = {D4BC1902-093B-452F-B8AB-C3509DB45A6B}
	EndGlobalSection
EndGlobal
