
Microsoft Visual Studio Solution File, Format Version 12.00
# Visual Studio Version 16
VisualStudioVersion = 16.0.31205.134
MinimumVisualStudioVersion = 10.0.40219.1
Project("{FAE04EC0-301F-11D3-BF4B-00C04F79EFBC}") = "WpfHomerseklet", "WpfHomerseklet\WpfHomerseklet.csproj", "{8D69A3D5-65E5-4326-BAC2-D9CB8871D537}"
EndProject
Project("{FAE04EC0-301F-11D3-BF4B-00C04F79EFBC}") = "WpfKontenerek", "WpfKontenerek\WpfKontenerek.csproj", "{4C96FA18-D220-4D0F-AFB3-03AB2F2B8014}"
EndProject
Project("{FAE04EC0-301F-11D3-BF4B-00C04F79EFBC}") = "WpfAdatok", "WpfAdatok\WpfAdatok.csproj", "{4D847D3B-154D-49C9-8676-4E2958D18CC3}"
EndProject
Global
	GlobalSection(SolutionConfigurationPlatforms) = preSolution
		Debug|Any CPU = Debug|Any CPU
		Release|Any CPU = Release|Any CPU
	EndGlobalSection
	GlobalSection(ProjectConfigurationPlatforms) = postSolution
		{8D69A3D5-65E5-4326-BAC2-D9CB8871D537}.Debug|Any CPU.ActiveCfg = Debug|Any CPU
		{8D69A3D5-65E5-4326-BAC2-D9CB8871D537}.Debug|Any CPU.Build.0 = Debug|Any CPU
		{8D69A3D5-65E5-4326-BAC2-D9CB8871D537}.Release|Any CPU.ActiveCfg = Release|Any CPU
		{8D69A3D5-65E5-4326-BAC2-D9CB8871D537}.Release|Any CPU.Build.0 = Release|Any CPU
		{4C96FA18-D220-4D0F-AFB3-03AB2F2B8014}.Debug|Any CPU.ActiveCfg = Debug|Any CPU
		{4C96FA18-D220-4D0F-AFB3-03AB2F2B8014}.Debug|Any CPU.Build.0 = Debug|Any CPU
		{4C96FA18-D220-4D0F-AFB3-03AB2F2B8014}.Release|Any CPU.ActiveCfg = Release|Any CPU
		{4C96FA18-D220-4D0F-AFB3-03AB2F2B8014}.Release|Any CPU.Build.0 = Release|Any CPU
		{4D847D3B-154D-49C9-8676-4E2958D18CC3}.Debug|Any CPU.ActiveCfg = Debug|Any CPU
		{4D847D3B-154D-49C9-8676-4E2958D18CC3}.Debug|Any CPU.Build.0 = Debug|Any CPU
		{4D847D3B-154D-49C9-8676-4E2958D18CC3}.Release|Any CPU.ActiveCfg = Release|Any CPU
		{4D847D3B-154D-49C9-8676-4E2958D18CC3}.Release|Any CPU.Build.0 = Release|Any CPU
	EndGlobalSection
	GlobalSection(SolutionProperties) = preSolution
		HideSolutionNode = FALSE
	EndGlobalSection
	GlobalSection(ExtensibilityGlobals) = postSolution
		SolutionGuid = {DAFA3BEF-9FA5-4021-87F7-7204480432B2}
	EndGlobalSection
EndGlobal
